
Microsoft Visual Studio Solution File, Format Version 12.00
# Visual Studio Version 16
VisualStudioVersion = 16.0.30523.141
MinimumVisualStudioVersion = 10.0.40219.1
Project("{FAE04EC0-301F-11D3-BF4B-00C04F79EFBC}") = "DemoASPNET47", "DemoASPNET47\DemoASPNET47.csproj", "{BEAD5C63-C427-4161-A422-E75E5DD321CE}"
EndProject
Global
	GlobalSection(SolutionConfigurationPlatforms) = preSolution
		Debug|Any CPU = Debug|Any CPU
		Release|Any CPU = Release|Any CPU
	EndGlobalSection
	GlobalSection(ProjectConfigurationPlatforms) = postSolution
		{BEAD5C63-C427-4161-A422-E75E5DD321CE}.Debug|Any CPU.ActiveCfg = Debug|Any CPU
		{BEAD5C63-C427-4161-A422-E75E5DD321CE}.Debug|Any CPU.Build.0 = Debug|Any CPU
		{BEAD5C63-C427-4161-A422-E75E5DD321CE}.Release|Any CPU.ActiveCfg = Release|Any CPU
		{BEAD5C63-C427-4161-A422-E75E5DD321CE}.Release|Any CPU.Build.0 = Release|Any CPU
	EndGlobalSection
	GlobalSection(SolutionProperties) = preSolution
		HideSolutionNode = FALSE
	EndGlobalSection
	GlobalSection(ExtensibilityGlobals) = postSolution
		SolutionGuid = {6CB4C131-3B39-434F-9648-2DB0F1DB9ACF}
	EndGlobalSection
EndGlobal
